// !$*UTF8*$!
{
	archiveVersion = 1;
	classes = {
	};
	objectVersion = 46;
	objects = {

/* Begin PBXBuildFile section */
		28258DEC1BAD0BCF00D5D360 /* main.cpp in Sources */ = {isa = PBXBuildFile; fileRef = 28258DEB1BAD0BCF00D5D360 /* main.cpp */; };
/* End PBXBuildFile section */

/* Begin PBXCopyFilesBuildPhase section */
		28258DE61BAD0BCF00D5D360 /* CopyFiles */ = {
			isa = PBXCopyFilesBuildPhase;
			buildActionMask = 2147483647;
			dstPath = /usr/share/man/man1/;
			dstSubfolderSpec = 0;
			files = (
			);
			runOnlyForDeploymentPostprocessing = 1;
		};
/* End PBXCopyFilesBuildPhase section */

/* Begin PBXFileReference section */
		28258DE81BAD0BCF00D5D360 /* WhittedRaytracer */ = {isa = PBXFileReference; explicitFileType = "compiled.mach-o.executable"; includeInIndex = 0; path = WhittedRaytracer; sourceTree = BUILT_PRODUCTS_DIR; };
		28258DEB1BAD0BCF00D5D360 /* main.cpp */ = {isa = PBXFileReference; lastKnownFileType = sourcecode.cpp.cpp; path = main.cpp; sourceTree = "<group>"; };
/* End PBXFileReference section */

/* Begin PBXFrameworksBuildPhase section */
		28258DE51BAD0BCF00D5D360 /* Frameworks */ = {
			isa = PBXFrameworksBuildPhase;
			buildActionMask = 2147483647;
			files = (
			);
			runOnlyForDeploymentPostprocessing = 0;
		};
/* End PBXFrameworksBuildPhase section */

/* Begin PBXGroup section */
		28258DDF1BAD0BCF00D5D360 = {
			isa = PBXGroup;
			children = (
				28258DEA1BAD0BCF00D5D360 /* WhittedRaytracer */,
				28258DE91BAD0BCF00D5D360 /* Products */,
			);
			sourceTree = "<group>";
		};
		28258DE91BAD0BCF00D5D360 /* Products */ = {
			isa = PBXGroup;
			children = (
				28258DE81BAD0BCF00D5D360 /* WhittedRaytracer */,
			);
			name = Products;
			sourceTree = "<group>";
		};
		28258DEA1BAD0BCF00D5D360 /* WhittedRaytracer */ = {
			isa = PBXGroup;
			children = (
				28258DEB1BAD0BCF00D5D360 /* main.cpp */,
			);
			path = WhittedRaytracer;
			sourceTree = "<group>";
		};
/* End PBXGroup section */

/* Begin PBXNativeTarget section */
		28258DE71BAD0BCF00D5D360 /* WhittedRaytracer */ = {
			isa = PBXNativeTarget;
			buildConfigurationList = 28258DEF1BAD0BCF00D5D360 /* Build configuration list for PBXNativeTarget "WhittedRaytracer" */;
			buildPhases = (
				28258DE41BAD0BCF00D5D360 /* Sources */,
				28258DE51BAD0BCF00D5D360 /* Frameworks */,
				28258DE61BAD0BCF00D5D360 /* CopyFiles */,
			);
			buildRules = (
			);
			dependencies = (
			);
			name = WhittedRaytracer;
			productName = WhittedRaytracer;
			productReference = 28258DE81BAD0BCF00D5D360 /* WhittedRaytracer */;
			productType = "com.apple.product-type.tool";
		};
/* End PBXNativeTarget section */

/* Begin PBXProject section */
		28258DE01BAD0BCF00D5D360 /* Project object */ = {
			isa = PBXProject;
			attributes = {
				LastUpgradeCheck = 0700;
				ORGANIZATIONNAME = "Neil García Vargas";
				TargetAttributes = {
					28258DE71BAD0BCF00D5D360 = {
						CreatedOnToolsVersion = 7.0;
					};
				};
			};
			buildConfigurationList = 28258DE31BAD0BCF00D5D360 /* Build configuration list for PBXProject "WhittedRaytracer" */;
			compatibilityVersion = "Xcode 3.2";
			developmentRegion = English;
			hasScannedForEncodings = 0;
			knownRegions = (
				en,
			);
			mainGroup = 28258DDF1BAD0BCF00D5D360;
			productRefGroup = 28258DE91BAD0BCF00D5D360 /* Products */;
			projectDirPath = "";
			projectRoot = "";
			targets = (
				28258DE71BAD0BCF00D5D360 /* WhittedRaytracer */,
			);
		};
/* End PBXProject section */

/* Begin PBXSourcesBuildPhase section */
		28258DE41BAD0BCF00D5D360 /* Sources */ = {
			isa = PBXSourcesBuildPhase;
			buildActionMask = 2147483647;
			files = (
				28258DEC1BAD0BCF00D5D360 /* main.cpp in Sources */,
			);
			runOnlyForDeploymentPostprocessing = 0;
		};
/* End PBXSourcesBuildPhase section */

/* Begin XCBuildConfiguration section */
		28258DED1BAD0BCF00D5D360 /* Debug */ = {
			isa = XCBuildConfiguration;
			buildSettings = {
				ALWAYS_SEARCH_USER_PATHS = NO;
				CLANG_CXX_LANGUAGE_STANDARD = "gnu++0x";
				CLANG_CXX_LIBRARY = "libc++";
				CLANG_ENABLE_MODULES = YES;
				CLANG_ENABLE_OBJC_ARC = YES;
				CLANG_WARN_BOOL_CONVERSION = YES;
				CLANG_WARN_CONSTANT_CONVERSION = YES;
				CLANG_WARN_DIRECT_OBJC_ISA_USAGE = YES_ERROR;
				CLANG_WARN_EMPTY_BODY = YES;
				CLANG_WARN_ENUM_CONVERSION = YES;
				CLANG_WARN_INT_CONVERSION = YES;
				CLANG_WARN_OBJC_ROOT_CLASS = YES_ERROR;
				CLANG_WARN_UNREACHABLE_CODE = YES;
				CLANG_WARN__DUPLICATE_METHOD_MATCH = YES;
				COPY_PHASE_STRIP = NO;
				DEBUG_INFORMATION_FORMAT = dwarf;
				ENABLE_STRICT_OBJC_MSGSEND = YES;
				ENABLE_TESTABILITY = YES;
				GCC_C_LANGUAGE_STANDARD = gnu99;
				GCC_DYNAMIC_NO_PIC = NO;
				GCC_NO_COMMON_BLOCKS = YES;
				GCC_OPTIMIZATION_LEVEL = 0;
				GCC_PREPROCESSOR_DEFINITIONS = (
					"DEBUG=1",
					"$(inherited)",
				);
				GCC_WARN_64_TO_32_BIT_CONVERSION = YES;
				GCC_WARN_ABOUT_RETURN_TYPE = YES_ERROR;
				GCC_WARN_UNDECLARED_SELECTOR = YES;
				GCC_WARN_UNINITIALIZED_AUTOS = YES_AGGRESSIVE;
				GCC_WARN_UNUSED_FUNCTION = YES;
				GCC_WARN_UNUSED_VARIABLE = YES;
				MACOSX_DEPLOYMENT_TARGET = 10.10;
				MTL_ENABLE_DEBUG_INFO = YES;
				ONLY_ACTIVE_ARCH = YES;
				SDKROOT = macosx;
			};
			name = Debug;
		};
		28258DEE1BAD0BCF00D5D360 /* Release */ = {
			isa = XCBuildConfiguration;
			buildSettings = {
				ALWAYS_SEARCH_USER_PATHS = NO;
				CLANG_CXX_LANGUAGE_STANDARD = "gnu++0x";
				CLANG_CXX_LIBRARY = "libc++";
				CLANG_ENABLE_MODULES = YES;
				CLANG_ENABLE_OBJC_ARC = YES;
				CLANG_WARN_BOOL_CONVERSION = YES;
				CLANG_WARN_CONSTANT_CONVERSION = YES;
				CLANG_WARN_DIRECT_OBJC_ISA_USAGE = YES_ERROR;
				CLANG_WARN_EMPTY_BODY = YES;
				CLANG_WARN_ENUM_CONVERSION = YES;
				CLANG_WARN_INT_CONVERSION = YES;
				CLANG_WARN_OBJC_ROOT_CLASS = YES_ERROR;
				CLANG_WARN_UNREACHABLE_CODE = YES;
				CLANG_WARN__DUPLICATE_METHOD_MATCH = YES;
				COPY_PHASE_STRIP = NO;
				DEBUG_INFORMATION_FORMAT = "dwarf-with-dsym";
				ENABLE_NS_ASSERTIONS = NO;
				ENABLE_STRICT_OBJC_MSGSEND = YES;
				GCC_C_LANGUAGE_STANDARD = gnu99;
				GCC_NO_COMMON_BLOCKS = YES;
				GCC_WARN_64_TO_32_BIT_CONVERSION = YES;
				GCC_WARN_ABOUT_RETURN_TYPE = YES_ERROR;
				GCC_WARN_UNDECLARED_SELECTOR = YES;
				GCC_WARN_UNINITIALIZED_AUTOS = YES_AGGRESSIVE;
				GCC_WARN_UNUSED_FUNCTION = YES;
				GCC_WARN_UNUSED_VARIABLE = YES;
				MACOSX_DEPLOYMENT_TARGET = 10.10;
				MTL_ENABLE_DEBUG_INFO = NO;
				SDKROOT = macosx;
			};
			name = Release;
		};
		28258DF01BAD0BCF00D5D360 /* Debug */ = {
			isa = XCBuildConfiguration;
			buildSettings = {
				PRODUCT_NAME = "$(TARGET_NAME)";
			};
			name = Debug;
		};
		28258DF11BAD0BCF00D5D360 /* Release */ = {
			isa = XCBuildConfiguration;
			buildSettings = {
				PRODUCT_NAME = "$(TARGET_NAME)";
			};
			name = Release;
		};
/* End XCBuildConfiguration section */

/* Begin XCConfigurationList section */
		28258DE31BAD0BCF00D5D360 /* Build configuration list for PBXProject "WhittedRaytracer" */ = {
			isa = XCConfigurationList;
			buildConfigurations = (
				28258DED1BAD0BCF00D5D360 /* Debug */,
				28258DEE1BAD0BCF00D5D360 /* Release */,
			);
			defaultConfigurationIsVisible = 0;
			defaultConfigurationName = Release;
		};
		28258DEF1BAD0BCF00D5D360 /* Build configuration list for PBXNativeTarget "WhittedRaytracer" */ = {
			isa = XCConfigurationList;
			buildConfigurations = (
				28258DF01BAD0BCF00D5D360 /* Debug */,
				28258DF11BAD0BCF00D5D360 /* Release */,
			);
			defaultConfigurationIsVisible = 0;
		};
/* End XCConfigurationList section */
	};
	rootObject = 28258DE01BAD0BCF00D5D360 /* Project object */;
}
