// !$*UTF8*$!
{
	archiveVersion = 1;
	classes = {
	};
	objectVersion = 46;
	objects = {

/* Begin PBXBuildFile section */
		2807DE521BAD1DD1006FDA7C /* Camera.cpp in Sources */ = {isa = PBXBuildFile; fileRef = 2807DE501BAD1DD1006FDA7C /* Camera.cpp */; settings = {ASSET_TAGS = (); }; };
		2807DE551BAD3206006FDA7C /* Intersection.cpp in Sources */ = {isa = PBXBuildFile; fileRef = 2807DE531BAD3206006FDA7C /* Intersection.cpp */; settings = {ASSET_TAGS = (); }; };
		2807DE5A1BAD3644006FDA7C /* Sphere.cpp in Sources */ = {isa = PBXBuildFile; fileRef = 2807DE581BAD3644006FDA7C /* Sphere.cpp */; settings = {ASSET_TAGS = (); }; };
		2807DE5D1BAD3D02006FDA7C /* Raytracer.cpp in Sources */ = {isa = PBXBuildFile; fileRef = 2807DE5B1BAD3D02006FDA7C /* Raytracer.cpp */; settings = {ASSET_TAGS = (); }; };
		281B505E1BAD110C004C8C3A /* Ray.cpp in Sources */ = {isa = PBXBuildFile; fileRef = 281B505C1BAD110C004C8C3A /* Ray.cpp */; settings = {ASSET_TAGS = (); }; };
		28258DEC1BAD0BCF00D5D360 /* main.cpp in Sources */ = {isa = PBXBuildFile; fileRef = 28258DEB1BAD0BCF00D5D360 /* main.cpp */; };
		28258DF91BAD0BF000D5D360 /* color.cpp in Sources */ = {isa = PBXBuildFile; fileRef = 28258DF31BAD0BF000D5D360 /* color.cpp */; settings = {ASSET_TAGS = (); }; };
		28258DFB1BAD0BF000D5D360 /* RTMath.cpp in Sources */ = {isa = PBXBuildFile; fileRef = 28258DF71BAD0BF000D5D360 /* RTMath.cpp */; settings = {ASSET_TAGS = (); }; };
		28258DFD1BAD0D4100D5D360 /* GLUT.framework in Frameworks */ = {isa = PBXBuildFile; fileRef = 28258DFC1BAD0D4100D5D360 /* GLUT.framework */; };
		28258DFF1BAD0D7D00D5D360 /* OpenGL.framework in Frameworks */ = {isa = PBXBuildFile; fileRef = 28258DFE1BAD0D7D00D5D360 /* OpenGL.framework */; };
		2833BCB41BD4A6C400FDDB32 /* Primitive.cpp in Sources */ = {isa = PBXBuildFile; fileRef = 2833BCB21BD4A6C400FDDB32 /* Primitive.cpp */; settings = {ASSET_TAGS = (); }; };
		2833BCB81BD4B05200FDDB32 /* Material.cpp in Sources */ = {isa = PBXBuildFile; fileRef = 2833BCB61BD4B05200FDDB32 /* Material.cpp */; settings = {ASSET_TAGS = (); }; };
		2833BCBB1BD4C3B400FDDB32 /* PointLight.cpp in Sources */ = {isa = PBXBuildFile; fileRef = 2833BCB91BD4C3B400FDDB32 /* PointLight.cpp */; settings = {ASSET_TAGS = (); }; };
		2833BCBE1BD4C52100FDDB32 /* Diffuse.cpp in Sources */ = {isa = PBXBuildFile; fileRef = 2833BCBC1BD4C52100FDDB32 /* Diffuse.cpp */; settings = {ASSET_TAGS = (); }; };
/* End PBXBuildFile section */

/* Begin PBXCopyFilesBuildPhase section */
		28258DE61BAD0BCF00D5D360 /* CopyFiles */ = {
			isa = PBXCopyFilesBuildPhase;
			buildActionMask = 2147483647;
			dstPath = /usr/share/man/man1/;
			dstSubfolderSpec = 0;
			files = (
			);
			runOnlyForDeploymentPostprocessing = 1;
		};
/* End PBXCopyFilesBuildPhase section */

/* Begin PBXFileReference section */
		2807DE501BAD1DD1006FDA7C /* Camera.cpp */ = {isa = PBXFileReference; fileEncoding = 4; lastKnownFileType = sourcecode.cpp.cpp; path = Camera.cpp; sourceTree = "<group>"; };
		2807DE511BAD1DD1006FDA7C /* Camera.h */ = {isa = PBXFileReference; fileEncoding = 4; lastKnownFileType = sourcecode.c.h; path = Camera.h; sourceTree = "<group>"; };
		2807DE531BAD3206006FDA7C /* Intersection.cpp */ = {isa = PBXFileReference; fileEncoding = 4; lastKnownFileType = sourcecode.cpp.cpp; path = Intersection.cpp; sourceTree = "<group>"; };
		2807DE541BAD3206006FDA7C /* Intersection.h */ = {isa = PBXFileReference; fileEncoding = 4; lastKnownFileType = sourcecode.c.h; path = Intersection.h; sourceTree = "<group>"; };
		2807DE581BAD3644006FDA7C /* Sphere.cpp */ = {isa = PBXFileReference; fileEncoding = 4; lastKnownFileType = sourcecode.cpp.cpp; path = Sphere.cpp; sourceTree = "<group>"; };
		2807DE591BAD3644006FDA7C /* Sphere.h */ = {isa = PBXFileReference; fileEncoding = 4; lastKnownFileType = sourcecode.c.h; path = Sphere.h; sourceTree = "<group>"; };
		2807DE5B1BAD3D02006FDA7C /* Raytracer.cpp */ = {isa = PBXFileReference; fileEncoding = 4; lastKnownFileType = sourcecode.cpp.cpp; path = Raytracer.cpp; sourceTree = "<group>"; };
		2807DE5C1BAD3D02006FDA7C /* Raytracer.h */ = {isa = PBXFileReference; fileEncoding = 4; lastKnownFileType = sourcecode.c.h; path = Raytracer.h; sourceTree = "<group>"; };
		281B505C1BAD110C004C8C3A /* Ray.cpp */ = {isa = PBXFileReference; fileEncoding = 4; lastKnownFileType = sourcecode.cpp.cpp; name = Ray.cpp; path = ../Ray.cpp; sourceTree = "<group>"; };
		281B505D1BAD110C004C8C3A /* Ray.h */ = {isa = PBXFileReference; fileEncoding = 4; lastKnownFileType = sourcecode.c.h; name = Ray.h; path = ../Ray.h; sourceTree = "<group>"; };
		28258DE81BAD0BCF00D5D360 /* WhittedRaytracer */ = {isa = PBXFileReference; explicitFileType = "compiled.mach-o.executable"; includeInIndex = 0; path = WhittedRaytracer; sourceTree = BUILT_PRODUCTS_DIR; };
		28258DEB1BAD0BCF00D5D360 /* main.cpp */ = {isa = PBXFileReference; lastKnownFileType = sourcecode.cpp.cpp; path = main.cpp; sourceTree = "<group>"; };
		28258DF31BAD0BF000D5D360 /* color.cpp */ = {isa = PBXFileReference; fileEncoding = 4; lastKnownFileType = sourcecode.cpp.cpp; path = color.cpp; sourceTree = "<group>"; };
		28258DF41BAD0BF000D5D360 /* color.h */ = {isa = PBXFileReference; fileEncoding = 4; lastKnownFileType = sourcecode.c.h; path = color.h; sourceTree = "<group>"; };
		28258DF51BAD0BF000D5D360 /* defines.h */ = {isa = PBXFileReference; fileEncoding = 4; lastKnownFileType = sourcecode.c.h; path = defines.h; sourceTree = "<group>"; };
		28258DF71BAD0BF000D5D360 /* RTMath.cpp */ = {isa = PBXFileReference; fileEncoding = 4; lastKnownFileType = sourcecode.cpp.cpp; path = RTMath.cpp; sourceTree = "<group>"; };
		28258DF81BAD0BF000D5D360 /* RTMath.h */ = {isa = PBXFileReference; fileEncoding = 4; lastKnownFileType = sourcecode.c.h; path = RTMath.h; sourceTree = "<group>"; };
		28258DFC1BAD0D4100D5D360 /* GLUT.framework */ = {isa = PBXFileReference; lastKnownFileType = wrapper.framework; name = GLUT.framework; path = System/Library/Frameworks/GLUT.framework; sourceTree = SDKROOT; };
		28258DFE1BAD0D7D00D5D360 /* OpenGL.framework */ = {isa = PBXFileReference; lastKnownFileType = wrapper.framework; name = OpenGL.framework; path = System/Library/Frameworks/OpenGL.framework; sourceTree = SDKROOT; };
		2833BCB21BD4A6C400FDDB32 /* Primitive.cpp */ = {isa = PBXFileReference; fileEncoding = 4; lastKnownFileType = sourcecode.cpp.cpp; path = Primitive.cpp; sourceTree = "<group>"; };
		2833BCB31BD4A6C400FDDB32 /* Primitive.h */ = {isa = PBXFileReference; fileEncoding = 4; lastKnownFileType = sourcecode.c.h; path = Primitive.h; sourceTree = "<group>"; };
		2833BCB61BD4B05200FDDB32 /* Material.cpp */ = {isa = PBXFileReference; fileEncoding = 4; lastKnownFileType = sourcecode.cpp.cpp; path = Material.cpp; sourceTree = "<group>"; };
		2833BCB71BD4B05200FDDB32 /* Material.h */ = {isa = PBXFileReference; fileEncoding = 4; lastKnownFileType = sourcecode.c.h; path = Material.h; sourceTree = "<group>"; };
		2833BCB91BD4C3B400FDDB32 /* PointLight.cpp */ = {isa = PBXFileReference; fileEncoding = 4; lastKnownFileType = sourcecode.cpp.cpp; path = PointLight.cpp; sourceTree = "<group>"; };
		2833BCBA1BD4C3B400FDDB32 /* PointLight.h */ = {isa = PBXFileReference; fileEncoding = 4; lastKnownFileType = sourcecode.c.h; path = PointLight.h; sourceTree = "<group>"; };
		2833BCBC1BD4C52100FDDB32 /* Diffuse.cpp */ = {isa = PBXFileReference; fileEncoding = 4; lastKnownFileType = sourcecode.cpp.cpp; path = Diffuse.cpp; sourceTree = "<group>"; };
		2833BCBD1BD4C52100FDDB32 /* Diffuse.h */ = {isa = PBXFileReference; fileEncoding = 4; lastKnownFileType = sourcecode.c.h; path = Diffuse.h; sourceTree = "<group>"; };
/* End PBXFileReference section */

/* Begin PBXFrameworksBuildPhase section */
		28258DE51BAD0BCF00D5D360 /* Frameworks */ = {
			isa = PBXFrameworksBuildPhase;
			buildActionMask = 2147483647;
			files = (
				28258DFF1BAD0D7D00D5D360 /* OpenGL.framework in Frameworks */,
				28258DFD1BAD0D4100D5D360 /* GLUT.framework in Frameworks */,
			);
			runOnlyForDeploymentPostprocessing = 0;
		};
/* End PBXFrameworksBuildPhase section */

/* Begin PBXGroup section */
		2807DE571BAD3639006FDA7C /* Objects */ = {
			isa = PBXGroup;
			children = (
				2833BCBD1BD4C52100FDDB32 /* Diffuse.h */,
				2833BCBC1BD4C52100FDDB32 /* Diffuse.cpp */,
				2807DE581BAD3644006FDA7C /* Sphere.cpp */,
				2807DE591BAD3644006FDA7C /* Sphere.h */,
				2833BCB21BD4A6C400FDDB32 /* Primitive.cpp */,
				2833BCB31BD4A6C400FDDB32 /* Primitive.h */,
				2833BCB91BD4C3B400FDDB32 /* PointLight.cpp */,
				2833BCBA1BD4C3B400FDDB32 /* PointLight.h */,
			);
			path = Objects;
			sourceTree = "<group>";
		};
		28258DDF1BAD0BCF00D5D360 = {
			isa = PBXGroup;
			children = (
				28258DFE1BAD0D7D00D5D360 /* OpenGL.framework */,
				28258DFC1BAD0D4100D5D360 /* GLUT.framework */,
				28258DEA1BAD0BCF00D5D360 /* WhittedRaytracer */,
				28258DE91BAD0BCF00D5D360 /* Products */,
			);
			sourceTree = "<group>";
		};
		28258DE91BAD0BCF00D5D360 /* Products */ = {
			isa = PBXGroup;
			children = (
				28258DE81BAD0BCF00D5D360 /* WhittedRaytracer */,
			);
			name = Products;
			sourceTree = "<group>";
		};
		28258DEA1BAD0BCF00D5D360 /* WhittedRaytracer */ = {
			isa = PBXGroup;
			children = (
				2833BCB51BD4B04200FDDB32 /* Material */,
				2807DE571BAD3639006FDA7C /* Objects */,
				28258DF21BAD0BF000D5D360 /* RTArchive */,
				28258DEB1BAD0BCF00D5D360 /* main.cpp */,
				2807DE5B1BAD3D02006FDA7C /* Raytracer.cpp */,
				2807DE5C1BAD3D02006FDA7C /* Raytracer.h */,
			);
			path = WhittedRaytracer;
			sourceTree = "<group>";
		};
		28258DF21BAD0BF000D5D360 /* RTArchive */ = {
			isa = PBXGroup;
			children = (
				28258DF31BAD0BF000D5D360 /* color.cpp */,
				28258DF41BAD0BF000D5D360 /* color.h */,
				28258DF51BAD0BF000D5D360 /* defines.h */,
				28258DF71BAD0BF000D5D360 /* RTMath.cpp */,
				28258DF81BAD0BF000D5D360 /* RTMath.h */,
				281B505C1BAD110C004C8C3A /* Ray.cpp */,
				281B505D1BAD110C004C8C3A /* Ray.h */,
				2807DE501BAD1DD1006FDA7C /* Camera.cpp */,
				2807DE511BAD1DD1006FDA7C /* Camera.h */,
				2807DE531BAD3206006FDA7C /* Intersection.cpp */,
				2807DE541BAD3206006FDA7C /* Intersection.h */,
			);
			path = RTArchive;
			sourceTree = "<group>";
		};
		2833BCB51BD4B04200FDDB32 /* Material */ = {
			isa = PBXGroup;
			children = (
				2833BCB61BD4B05200FDDB32 /* Material.cpp */,
				2833BCB71BD4B05200FDDB32 /* Material.h */,
			);
			name = Material;
			sourceTree = "<group>";
		};
/* End PBXGroup section */

/* Begin PBXNativeTarget section */
		28258DE71BAD0BCF00D5D360 /* WhittedRaytracer */ = {
			isa = PBXNativeTarget;
			buildConfigurationList = 28258DEF1BAD0BCF00D5D360 /* Build configuration list for PBXNativeTarget "WhittedRaytracer" */;
			buildPhases = (
				28258DE41BAD0BCF00D5D360 /* Sources */,
				28258DE51BAD0BCF00D5D360 /* Frameworks */,
				28258DE61BAD0BCF00D5D360 /* CopyFiles */,
			);
			buildRules = (
			);
			dependencies = (
			);
			name = WhittedRaytracer;
			productName = WhittedRaytracer;
			productReference = 28258DE81BAD0BCF00D5D360 /* WhittedRaytracer */;
			productType = "com.apple.product-type.tool";
		};
/* End PBXNativeTarget section */

/* Begin PBXProject section */
		28258DE01BAD0BCF00D5D360 /* Project object */ = {
			isa = PBXProject;
			attributes = {
				LastUpgradeCheck = 0700;
				ORGANIZATIONNAME = "Neil García Vargas";
				TargetAttributes = {
					28258DE71BAD0BCF00D5D360 = {
						CreatedOnToolsVersion = 7.0;
					};
				};
			};
			buildConfigurationList = 28258DE31BAD0BCF00D5D360 /* Build configuration list for PBXProject "WhittedRaytracer" */;
			compatibilityVersion = "Xcode 3.2";
			developmentRegion = English;
			hasScannedForEncodings = 0;
			knownRegions = (
				en,
			);
			mainGroup = 28258DDF1BAD0BCF00D5D360;
			productRefGroup = 28258DE91BAD0BCF00D5D360 /* Products */;
			projectDirPath = "";
			projectRoot = "";
			targets = (
				28258DE71BAD0BCF00D5D360 /* WhittedRaytracer */,
			);
		};
/* End PBXProject section */

/* Begin PBXSourcesBuildPhase section */
		28258DE41BAD0BCF00D5D360 /* Sources */ = {
			isa = PBXSourcesBuildPhase;
			buildActionMask = 2147483647;
			files = (
				2807DE551BAD3206006FDA7C /* Intersection.cpp in Sources */,
				281B505E1BAD110C004C8C3A /* Ray.cpp in Sources */,
				2833BCBE1BD4C52100FDDB32 /* Diffuse.cpp in Sources */,
				28258DEC1BAD0BCF00D5D360 /* main.cpp in Sources */,
				2807DE5D1BAD3D02006FDA7C /* Raytracer.cpp in Sources */,
				2807DE521BAD1DD1006FDA7C /* Camera.cpp in Sources */,
				2807DE5A1BAD3644006FDA7C /* Sphere.cpp in Sources */,
				28258DF91BAD0BF000D5D360 /* color.cpp in Sources */,
				2833BCB41BD4A6C400FDDB32 /* Primitive.cpp in Sources */,
				2833BCBB1BD4C3B400FDDB32 /* PointLight.cpp in Sources */,
				2833BCB81BD4B05200FDDB32 /* Material.cpp in Sources */,
				28258DFB1BAD0BF000D5D360 /* RTMath.cpp in Sources */,
			);
			runOnlyForDeploymentPostprocessing = 0;
		};
/* End PBXSourcesBuildPhase section */

/* Begin XCBuildConfiguration section */
		28258DED1BAD0BCF00D5D360 /* Debug */ = {
			isa = XCBuildConfiguration;
			buildSettings = {
				ALWAYS_SEARCH_USER_PATHS = NO;
				CLANG_CXX_LANGUAGE_STANDARD = "gnu++0x";
				CLANG_CXX_LIBRARY = "libc++";
				CLANG_ENABLE_MODULES = YES;
				CLANG_ENABLE_OBJC_ARC = YES;
				CLANG_WARN_BOOL_CONVERSION = YES;
				CLANG_WARN_CONSTANT_CONVERSION = YES;
				CLANG_WARN_DIRECT_OBJC_ISA_USAGE = YES_ERROR;
				CLANG_WARN_EMPTY_BODY = YES;
				CLANG_WARN_ENUM_CONVERSION = YES;
				CLANG_WARN_INT_CONVERSION = YES;
				CLANG_WARN_OBJC_ROOT_CLASS = YES_ERROR;
				CLANG_WARN_UNREACHABLE_CODE = YES;
				CLANG_WARN__DUPLICATE_METHOD_MATCH = YES;
				COPY_PHASE_STRIP = NO;
				DEBUG_INFORMATION_FORMAT = dwarf;
				ENABLE_STRICT_OBJC_MSGSEND = YES;
				ENABLE_TESTABILITY = YES;
				GCC_C_LANGUAGE_STANDARD = gnu99;
				GCC_DYNAMIC_NO_PIC = NO;
				GCC_NO_COMMON_BLOCKS = YES;
				GCC_OPTIMIZATION_LEVEL = 0;
				GCC_PREPROCESSOR_DEFINITIONS = (
					"DEBUG=1",
					"$(inherited)",
				);
				GCC_WARN_64_TO_32_BIT_CONVERSION = YES;
				GCC_WARN_ABOUT_RETURN_TYPE = YES_ERROR;
				GCC_WARN_UNDECLARED_SELECTOR = YES;
				GCC_WARN_UNINITIALIZED_AUTOS = YES_AGGRESSIVE;
				GCC_WARN_UNUSED_FUNCTION = YES;
				GCC_WARN_UNUSED_VARIABLE = YES;
				MACOSX_DEPLOYMENT_TARGET = 10.7;
				MTL_ENABLE_DEBUG_INFO = YES;
				ONLY_ACTIVE_ARCH = YES;
				SDKROOT = macosx;
			};
			name = Debug;
		};
		28258DEE1BAD0BCF00D5D360 /* Release */ = {
			isa = XCBuildConfiguration;
			buildSettings = {
				ALWAYS_SEARCH_USER_PATHS = NO;
				CLANG_CXX_LANGUAGE_STANDARD = "gnu++0x";
				CLANG_CXX_LIBRARY = "libc++";
				CLANG_ENABLE_MODULES = YES;
				CLANG_ENABLE_OBJC_ARC = YES;
				CLANG_WARN_BOOL_CONVERSION = YES;
				CLANG_WARN_CONSTANT_CONVERSION = YES;
				CLANG_WARN_DIRECT_OBJC_ISA_USAGE = YES_ERROR;
				CLANG_WARN_EMPTY_BODY = YES;
				CLANG_WARN_ENUM_CONVERSION = YES;
				CLANG_WARN_INT_CONVERSION = YES;
				CLANG_WARN_OBJC_ROOT_CLASS = YES_ERROR;
				CLANG_WARN_UNREACHABLE_CODE = YES;
				CLANG_WARN__DUPLICATE_METHOD_MATCH = YES;
				COPY_PHASE_STRIP = NO;
				DEBUG_INFORMATION_FORMAT = "dwarf-with-dsym";
				ENABLE_NS_ASSERTIONS = NO;
				ENABLE_STRICT_OBJC_MSGSEND = YES;
				GCC_C_LANGUAGE_STANDARD = gnu99;
				GCC_NO_COMMON_BLOCKS = YES;
				GCC_WARN_64_TO_32_BIT_CONVERSION = YES;
				GCC_WARN_ABOUT_RETURN_TYPE = YES_ERROR;
				GCC_WARN_UNDECLARED_SELECTOR = YES;
				GCC_WARN_UNINITIALIZED_AUTOS = YES_AGGRESSIVE;
				GCC_WARN_UNUSED_FUNCTION = YES;
				GCC_WARN_UNUSED_VARIABLE = YES;
				MACOSX_DEPLOYMENT_TARGET = 10.7;
				MTL_ENABLE_DEBUG_INFO = NO;
				SDKROOT = macosx;
			};
			name = Release;
		};
		28258DF01BAD0BCF00D5D360 /* Debug */ = {
			isa = XCBuildConfiguration;
			buildSettings = {
				PRODUCT_NAME = "$(TARGET_NAME)";
			};
			name = Debug;
		};
		28258DF11BAD0BCF00D5D360 /* Release */ = {
			isa = XCBuildConfiguration;
			buildSettings = {
				PRODUCT_NAME = "$(TARGET_NAME)";
			};
			name = Release;
		};
/* End XCBuildConfiguration section */

/* Begin XCConfigurationList section */
		28258DE31BAD0BCF00D5D360 /* Build configuration list for PBXProject "WhittedRaytracer" */ = {
			isa = XCConfigurationList;
			buildConfigurations = (
				28258DED1BAD0BCF00D5D360 /* Debug */,
				28258DEE1BAD0BCF00D5D360 /* Release */,
			);
			defaultConfigurationIsVisible = 0;
			defaultConfigurationName = Release;
		};
		28258DEF1BAD0BCF00D5D360 /* Build configuration list for PBXNativeTarget "WhittedRaytracer" */ = {
			isa = XCConfigurationList;
			buildConfigurations = (
				28258DF01BAD0BCF00D5D360 /* Debug */,
				28258DF11BAD0BCF00D5D360 /* Release */,
			);
			defaultConfigurationIsVisible = 0;
			defaultConfigurationName = Release;
		};
/* End XCConfigurationList section */
	};
	rootObject = 28258DE01BAD0BCF00D5D360 /* Project object */;
}
